PODS:
  - AEPAssurance (3.1.2):
    - AEPCore (>= 3.9.0)
    - AEPServices (>= 3.9.0)
  - AEPCore (3.9.0):
    - AEPRulesEngine (>= 1.2.3)
    - AEPServices (>= 3.9.0)
  - AEPRulesEngine (1.2.3)
  - AEPServices (3.9.0)
  - SwiftLint (0.44.0)

DEPENDENCIES:
  - AEPAssurance
  - AEPCore
  - AEPServices
  - SwiftLint (= 0.44.0)

SPEC REPOS:
  trunk:
    - AEPAssurance
    - AEPCore
    - AEPRulesEngine
    - AEPServices
    - SwiftLint

SPEC CHECKSUMS:
  AEPAssurance: 694bc2bca10e15bd33542bb6ae4549abee46d85d
  AEPCore: 7c1d0a9465e2d27a8d2bd68afb3185d72c1ed27b
  AEPRulesEngine: f8d6eb0fa5a83d791f57867ed02f25fdf99894ec
  AEPServices: 8637166edaa8db23806eda2ad5bd2fa8faa0f259
  SwiftLint: e96c0a8c770c7ebbc4d36c55baf9096bb65c4584

PODFILE CHECKSUM: 714e637fa93580e6bc86b0865eac1e9faabea8b0

COCOAPODS: 1.11.3
