PODS:
  - AEPAssurance (4.0.0):
    - AEPCore (>= 4.0.0)
    - AEPServices (>= 4.0.0)
  - AEPCore (4.0.0):
    - AEPRulesEngine (>= 4.0.0)
    - AEPServices (>= 4.0.0)
  - AEPRulesEngine (4.0.0)
  - AEPServices (4.0.0)
  - SwiftLint (0.52.0)

DEPENDENCIES:
  - AEPAssurance (~> 4.0.0)
  - AEPCore (~> 4.0.0)
  - AEPServices (~> 4.0.0)
  - SwiftLint (= 0.52.0)

SPEC REPOS:
  trunk:
    - AEPAssurance
    - AEPCore
    - AEPRulesEngine
    - AEPServices
    - SwiftLint

SPEC CHECKSUMS:
  AEPAssurance: 4fa3138ddd7308c1f9923570f4d2b0b8526a916f
  AEPCore: dd7cd69696c768c610e6adc0307032985a381c7e
  AEPRulesEngine: 458450a34922823286ead045a0c2bd8c27e224c6
  AEPServices: ca493988df250d84fda050124ff7549bcc43c65f
  SwiftLint: 13280e21cdda6786ad908dc6e416afe5acd1fcb7

PODFILE CHECKSUM: 05a2d14cade4a04d98550cd2614cb194503839b4

COCOAPODS: 1.11.3
